<?xml version="1.0" encoding="utf-8"?>
<Project ToolsVersion="4.0" xmlns="http://schemas.microsoft.com/developer/msbuild/2003">
  <ItemGroup>
    <ClCompile Include="src\Engine.cpp" />
    <ClCompile Include="src\Game.cpp" />
    <ClCompile Include="src\GameObjects\Ball.cpp">
      <Filter>GameObjects</Filter>
    </ClCompile>
    <ClCompile Include="src\GameObjects\Level.cpp">
      <Filter>GameObjects</Filter>
    </ClCompile>
    <ClCompile Include="src\GameObjects\Platform.cpp">
      <Filter>GameObjects</Filter>
    </ClCompile>
  </ItemGroup>
  <ItemGroup>
    <ClInclude Include="src\Engine.h" />
    <ClInclude Include="src\GameObjects\Ball.h">
      <Filter>GameObjects</Filter>
    </ClInclude>
    <ClInclude Include="src\GameObjects\BaseDrawable.h">
      <Filter>GameObjects</Filter>
    </ClInclude>
    <ClInclude Include="src\GameObjects\Brick.h">
      <Filter>GameObjects</Filter>
    </ClInclude>
    <ClInclude Include="src\GameObjects\Level.h">
      <Filter>GameObjects</Filter>
    </ClInclude>
    <ClInclude Include="src\GameObjects\Platform.h">
      <Filter>GameObjects</Filter>
    </ClInclude>
    <ClInclude Include="src\GameObjects\StaticObject.h">
      <Filter>GameObjects</Filter>
    </ClInclude>
    <ClInclude Include="src\GameObjects\Wall.h">
      <Filter>GameObjects</Filter>
    </ClInclude>
    <ClInclude Include="src\GameObjects\Utils.h">
      <Filter>Utils</Filter>
    </ClInclude>
    <ClInclude Include="src\GameObjects\Interfaces\Actable.h">
      <Filter>GameObjects\Interfaces</Filter>
    </ClInclude>
    <ClInclude Include="src\GameObjects\Interfaces\Drawable.h">
      <Filter>GameObjects\Interfaces</Filter>
    </ClInclude>
  </ItemGroup>
  <ItemGroup>
    <Filter Include="GameObjects">
      <UniqueIdentifier>{326021bf-abf5-4934-84b1-aac88f0e02a0}</UniqueIdentifier>
    </Filter>
    <Filter Include="GameObjects\Interfaces">
      <UniqueIdentifier>{9e6106e9-f2f1-4534-9102-f2e948260ad2}</UniqueIdentifier>
    </Filter>
    <Filter Include="Utils">
      <UniqueIdentifier>{409d6df9-c875-463f-bb12-46e09be2200c}</UniqueIdentifier>
    </Filter>
  </ItemGroup>
</Project>