<?xml version="1.0" encoding="utf-8"?>
<Project ToolsVersion="4.0" xmlns="http://schemas.microsoft.com/developer/msbuild/2003">
  <ItemGroup>
    <Filter Include="Abstration">
      <UniqueIdentifier>{89c9bd46-8c93-4216-8db2-53faab0b2e9a}</UniqueIdentifier>
    </Filter>
    <Filter Include="Engine">
      <UniqueIdentifier>{48e3e540-4e37-4e38-b99f-3257944cfa67}</UniqueIdentifier>
    </Filter>
    <Filter Include="GameObjects">
      <UniqueIdentifier>{761c9198-1eac-4ceb-84da-f4f870c96a8c}</UniqueIdentifier>
    </Filter>
    <Filter Include="Utils">
      <UniqueIdentifier>{d526e189-11a1-442e-8e60-5c267abd4224}</UniqueIdentifier>
    </Filter>
  </ItemGroup>
  <ItemGroup>
    <ClCompile Include="Game.cpp" />
    <ClCompile Include="Engine.cpp">
      <Filter>Engine</Filter>
    </ClCompile>
    <ClCompile Include="Ball.cpp">
      <Filter>GameObjects</Filter>
    </ClCompile>
    <ClCompile Include="Brick.cpp">
      <Filter>GameObjects</Filter>
    </ClCompile>
    <ClCompile Include="Level.cpp">
      <Filter>GameObjects</Filter>
    </ClCompile>
    <ClCompile Include="Platform.cpp">
      <Filter>GameObjects</Filter>
    </ClCompile>
    <ClCompile Include="Wall.cpp">
      <Filter>GameObjects</Filter>
    </ClCompile>
  </ItemGroup>
  <ItemGroup>
    <ClInclude Include="Actable.h">
      <Filter>Abstration</Filter>
    </ClInclude>
    <ClInclude Include="Drawable.h">
      <Filter>Abstration</Filter>
    </ClInclude>
    <ClInclude Include="Engine.h">
      <Filter>Engine</Filter>
    </ClInclude>
    <ClInclude Include="Wall.h">
      <Filter>GameObjects</Filter>
    </ClInclude>
    <ClInclude Include="Ball.h">
      <Filter>GameObjects</Filter>
    </ClInclude>
    <ClInclude Include="Brick.h">
      <Filter>GameObjects</Filter>
    </ClInclude>
    <ClInclude Include="Level.h">
      <Filter>GameObjects</Filter>
    </ClInclude>
    <ClInclude Include="Platform.h">
      <Filter>GameObjects</Filter>
    </ClInclude>
    <ClInclude Include="Utils.h">
      <Filter>Utils</Filter>
    </ClInclude>
    <ClInclude Include="BaseDrawable.h">
      <Filter>Abstration</Filter>
    </ClInclude>
  </ItemGroup>
</Project>